
Microsoft Visual Studio Solution File, Format Version 11.00
# Visual Studio 2010
Project("{FAE04EC0-301F-11D3-BF4B-00C04F79EFBC}") = "Assembly-CSharp", "Assembly-CSharp.csproj", "{094D9A40-D422-4D03-8527-E86A1EDE4EA8}"
EndProject
Project("{FAE04EC0-301F-11D3-BF4B-00C04F79EFBC}") = "Assembly-CSharp-Editor", "Assembly-CSharp-Editor.csproj", "{EAF9B733-4E45-1928-0AE1-09D45CB507DC}"
EndProject
Global
	GlobalSection(SolutionConfigurationPlatforms) = preSolution
		Debug|Any CPU = Debug|Any CPU
		Release|Any CPU = Release|Any CPU
	EndGlobalSection
	GlobalSection(ProjectConfigurationPlatforms) = postSolution
		{094D9A40-D422-4D03-8527-E86A1EDE4EA8}.Debug|Any CPU.ActiveCfg = Debug|Any CPU
		{094D9A40-D422-4D03-8527-E86A1EDE4EA8}.Debug|Any CPU.Build.0 = Debug|Any CPU
		{094D9A40-D422-4D03-8527-E86A1EDE4EA8}.Release|Any CPU.ActiveCfg = Release|Any CPU
		{094D9A40-D422-4D03-8527-E86A1EDE4EA8}.Release|Any CPU.Build.0 = Release|Any CPU
		{EAF9B733-4E45-1928-0AE1-09D45CB507DC}.Debug|Any CPU.ActiveCfg = Debug|Any CPU
		{EAF9B733-4E45-1928-0AE1-09D45CB507DC}.Debug|Any CPU.Build.0 = Debug|Any CPU
		{EAF9B733-4E45-1928-0AE1-09D45CB507DC}.Release|Any CPU.ActiveCfg = Release|Any CPU
		{EAF9B733-4E45-1928-0AE1-09D45CB507DC}.Release|Any CPU.Build.0 = Release|Any CPU
	EndGlobalSection
	GlobalSection(SolutionProperties) = preSolution
		HideSolutionNode = FALSE
	EndGlobalSection
	GlobalSection(MonoDevelopProperties) = preSolution
		StartupItem = Assembly-CSharp.csproj
	EndGlobalSection
EndGlobal
