
Microsoft Visual Studio Solution File, Format Version 11.00
# Visual Studio 2010
Project("{FAE04EC0-301F-11D3-BF4B-00C04F79EFBC}") = "Assembly-CSharp", "Assembly-CSharp.csproj", "{70CE3402-B3DF-3D52-A0E7-AF7EF372E855}"
EndProject
Project("{FAE04EC0-301F-11D3-BF4B-00C04F79EFBC}") = "Assembly-CSharp-Editor", "Assembly-CSharp-Editor.csproj", "{55B8A0DB-4765-4CD4-A90E-94BF798972A0}"
EndProject
Global
	GlobalSection(SolutionConfigurationPlatforms) = preSolution
		Debug|Any CPU = Debug|Any CPU
		Release|Any CPU = Release|Any CPU
	EndGlobalSection
	GlobalSection(ProjectConfigurationPlatforms) = postSolution
		{70CE3402-B3DF-3D52-A0E7-AF7EF372E855}.Debug|Any CPU.ActiveCfg = Debug|Any CPU
		{70CE3402-B3DF-3D52-A0E7-AF7EF372E855}.Debug|Any CPU.Build.0 = Debug|Any CPU
		{70CE3402-B3DF-3D52-A0E7-AF7EF372E855}.Release|Any CPU.ActiveCfg = Release|Any CPU
		{70CE3402-B3DF-3D52-A0E7-AF7EF372E855}.Release|Any CPU.Build.0 = Release|Any CPU
		{55B8A0DB-4765-4CD4-A90E-94BF798972A0}.Debug|Any CPU.ActiveCfg = Debug|Any CPU
		{55B8A0DB-4765-4CD4-A90E-94BF798972A0}.Debug|Any CPU.Build.0 = Debug|Any CPU
		{55B8A0DB-4765-4CD4-A90E-94BF798972A0}.Release|Any CPU.ActiveCfg = Release|Any CPU
		{55B8A0DB-4765-4CD4-A90E-94BF798972A0}.Release|Any CPU.Build.0 = Release|Any CPU
	EndGlobalSection
	GlobalSection(SolutionProperties) = preSolution
		HideSolutionNode = FALSE
	EndGlobalSection
	GlobalSection(MonoDevelopProperties) = preSolution
		StartupItem = Assembly-CSharp.csproj
	EndGlobalSection
EndGlobal
